
Microsoft Visual Studio Solution File, Format Version 12.00
# Visual Studio Version 17
VisualStudioVersion = 17.0.31912.275
MinimumVisualStudioVersion = 10.0.40219.1
Project("{9A19103F-16F7-4668-BE54-9A1E7A4F7556}") = "dnc100-build-your-own-universe", "dnc100-build-your-own-universe.csproj", "{081FAC5E-A3F2-447C-B2F4-E742B5B44CBD}"
EndProject
Global
	GlobalSection(SolutionConfigurationPlatforms) = preSolution
		Debug|Any CPU = Debug|Any CPU
		Release|Any CPU = Release|Any CPU
	EndGlobalSection
	GlobalSection(ProjectConfigurationPlatforms) = postSolution
		{081FAC5E-A3F2-447C-B2F4-E742B5B44CBD}.Debug|Any CPU.ActiveCfg = Debug|Any CPU
		{081FAC5E-A3F2-447C-B2F4-E742B5B44CBD}.Debug|Any CPU.Build.0 = Debug|Any CPU
		{081FAC5E-A3F2-447C-B2F4-E742B5B44CBD}.Release|Any CPU.ActiveCfg = Release|Any CPU
		{081FAC5E-A3F2-447C-B2F4-E742B5B44CBD}.Release|Any CPU.Build.0 = Release|Any CPU
	EndGlobalSection
	GlobalSection(SolutionProperties) = preSolution
		HideSolutionNode = FALSE
	EndGlobalSection
	GlobalSection(ExtensibilityGlobals) = postSolution
		SolutionGuid = {A58F9181-002A-4CD0-9237-EAD491F9488D}
	EndGlobalSection
EndGlobal
